# THIS IS AN AUTOGENERATED FILE. DO NOT EDIT THIS FILE DIRECTLY.
# yarn lockfile v1


axios@^0.12.0:
  version "0.12.0"
  resolved "https://registry.yarnpkg.com/axios/-/axios-0.12.0.tgz#b907b0221cc34ec1c9fac18ec7f07ddf95785ba4"
  dependencies:
    follow-redirects "0.0.7"

babel-runtime@^4.7.16:
  version "4.7.16"
  resolved "https://registry.yarnpkg.com/babel-runtime/-/babel-runtime-4.7.16.tgz#7a3995ad8c9eb5b4d0dd35febf170d0d1420262b"
  dependencies:
    core-js "^0.6.1"

babel-runtime@^6.5.0:
  version "6.26.0"
  resolved "https://registry.yarnpkg.com/babel-runtime/-/babel-runtime-6.26.0.tgz#965c7058668e82b55d7bfe04ff2337bc8b5647fe"
  dependencies:
    core-js "^2.4.0"
    regenerator-runtime "^0.11.0"

base32.js@~0.1.0:
  version "0.1.0"
  resolved "https://registry.yarnpkg.com/base32.js/-/base32.js-0.1.0.tgz#b582dec693c2f11e893cf064ee6ac5b6131a2202"

bignumber.js@^4.0.0:
  version "4.1.0"
  resolved "https://registry.yarnpkg.com/bignumber.js/-/bignumber.js-4.1.0.tgz#db6f14067c140bd46624815a7916c92d9b6c24b1"

bindings@^1.2.1:
  version "1.3.0"
  resolved "https://registry.yarnpkg.com/bindings/-/bindings-1.3.0.tgz#b346f6ecf6a95f5a815c5839fc7cdb22502f1ed7"

bluebird@^3.1.5:
  version "3.5.1"
  resolved "https://registry.yarnpkg.com/bluebird/-/bluebird-3.5.1.tgz#d9551f9de98f1fcda1e683d17ee91a0602ee2eb9"

core-js@^0.6.1:
  version "0.6.1"
  resolved "https://registry.yarnpkg.com/core-js/-/core-js-0.6.1.tgz#1b4970873e8101bf8c435af095faa9024f4b9b58"

core-js@^2.4.0:
  version "2.5.3"
  resolved "https://registry.yarnpkg.com/core-js/-/core-js-2.5.3.tgz#8acc38345824f16d8365b7c9b4259168e8ed603e"

crc@^3.3.0:
  version "3.5.0"
  resolved "https://registry.yarnpkg.com/crc/-/crc-3.5.0.tgz#98b8ba7d489665ba3979f59b21381374101a1964"

cursor@^0.1.5:
  version "0.1.5"
  resolved "https://registry.yarnpkg.com/cursor/-/cursor-0.1.5.tgz#ea778c2b09d33c2e564fd92147076750483ebb2c"

debug@^2.2.0:
  version "2.6.9"
  resolved "https://registry.yarnpkg.com/debug/-/debug-2.6.9.tgz#5d128515df134ff327e90a4c93f4e077a536341f"
  dependencies:
    ms "2.0.0"

ed25519@0.0.4:
  version "0.0.4"
  resolved "https://registry.yarnpkg.com/ed25519/-/ed25519-0.0.4.tgz#e56218ace2fc903d259593aef0b2a9639f475beb"
  dependencies:
    bindings "^1.2.1"
    nan "^2.0.9"

es6-promise@^3.0.2:
  version "3.3.1"
  resolved "https://registry.yarnpkg.com/es6-promise/-/es6-promise-3.3.1.tgz#a08cdde84ccdbf34d027a1451bc91d4bcd28a613"

event-source-polyfill@0.0.7:
  version "0.0.7"
  resolved "https://registry.yarnpkg.com/event-source-polyfill/-/event-source-polyfill-0.0.7.tgz#79ef5047b0c7fd322628da5f87347dd56c665925"

eventsource@^0.2.1:
  version "0.2.3"
  resolved "https://registry.yarnpkg.com/eventsource/-/eventsource-0.2.3.tgz#30b8f21b40d86968eaeebd199a95072ee54b0df3"
  dependencies:
    original "^1.0.0"

follow-redirects@0.0.7:
  version "0.0.7"
  resolved "https://registry.yarnpkg.com/follow-redirects/-/follow-redirects-0.0.7.tgz#34b90bab2a911aa347571da90f22bd36ecd8a919"
  dependencies:
    debug "^2.2.0"
    stream-consume "^0.1.0"

inherits@^2.0.1:
  version "2.0.3"
  resolved "https://registry.yarnpkg.com/inherits/-/inherits-2.0.3.tgz#633c2c83e3da42a502f52466022480f4208261de"

js-xdr@^1.0.0:
  version "1.0.2"
  resolved "https://registry.yarnpkg.com/js-xdr/-/js-xdr-1.0.2.tgz#1af9c9c08a95b8c849056c77f12b5d7013de315c"
  dependencies:
    babel-runtime "^4.7.16"
    cursor "^0.1.5"
    lodash "^3.5.0"
    long "^2.2.3"
    sequencify "0.0.7"

lodash@^3.5.0:
  version "3.10.1"
  resolved "https://registry.yarnpkg.com/lodash/-/lodash-3.10.1.tgz#5bf45e8e49ba4189e17d482789dfd15bd140b7b6"

lodash@^4.0.1, lodash@^4.17.4:
  version "4.17.5"
  resolved "https://registry.yarnpkg.com/lodash/-/lodash-4.17.5.tgz#99a92d65c0272debe8c96b6057bc8fbfa3bed511"

long@^2.2.3:
  version "2.4.0"
  resolved "https://registry.yarnpkg.com/long/-/long-2.4.0.tgz#9fa180bb1d9500cdc29c4156766a1995e1f4524f"

mo-js@^0.288.2:
  version "0.288.2"
  resolved "https://registry.yarnpkg.com/mo-js/-/mo-js-0.288.2.tgz#662c803d18a110cf7e422d569efcdea04880592e"
  dependencies:
    babel-runtime "^6.5.0"

ms@2.0.0:
  version "2.0.0"
  resolved "https://registry.yarnpkg.com/ms/-/ms-2.0.0.tgz#5608aeadfc00be6c2901df5f9861788de0d597c8"

nan@^2.0.9:
  version "2.9.2"
  resolved "https://registry.yarnpkg.com/nan/-/nan-2.9.2.tgz#f564d75f5f8f36a6d9456cca7a6c4fe488ab7866"

original@^1.0.0:
  version "1.0.0"
  resolved "https://registry.yarnpkg.com/original/-/original-1.0.0.tgz#9147f93fa1696d04be61e01bd50baeaca656bd3b"
  dependencies:
    url-parse "1.0.x"

querystringify@0.0.x:
  version "0.0.4"
  resolved "https://registry.yarnpkg.com/querystringify/-/querystringify-0.0.4.tgz#0cf7f84f9463ff0ae51c4c4b142d95be37724d9c"

regenerator-runtime@^0.11.0:
  version "0.11.1"
  resolved "https://registry.yarnpkg.com/regenerator-runtime/-/regenerator-runtime-0.11.1.tgz#be05ad7f9bf7d22e056f9726cee5017fbf19e2e9"

requires-port@1.0.x:
  version "1.0.0"
  resolved "https://registry.yarnpkg.com/requires-port/-/requires-port-1.0.0.tgz#925d2601d39ac485e091cf0da5c6e694dc3dcaff"

safe-buffer@^5.0.1:
  version "5.1.1"
  resolved "https://registry.yarnpkg.com/safe-buffer/-/safe-buffer-5.1.1.tgz#893312af69b2123def71f57889001671eeb2c853"

sequencify@0.0.7:
  version "0.0.7"
  resolved "https://registry.yarnpkg.com/sequencify/-/sequencify-0.0.7.tgz#90cff19d02e07027fd767f5ead3e7b95d1e7380c"

sha.js@^2.3.6:
  version "2.4.10"
  resolved "https://registry.yarnpkg.com/sha.js/-/sha.js-2.4.10.tgz#b1fde5cd7d11a5626638a07c604ab909cfa31f9b"
  dependencies:
    inherits "^2.0.1"
    safe-buffer "^5.0.1"

stellar-base@^0.7.6:
  version "0.7.7"
  resolved "https://registry.yarnpkg.com/stellar-base/-/stellar-base-0.7.7.tgz#de8b55f0d60097d40b25b0d1aa6fe9e078ea1f7c"
  dependencies:
    base32.js "~0.1.0"
    bignumber.js "^4.0.0"
    crc "^3.3.0"
    js-xdr "^1.0.0"
    lodash "^4.17.4"
    sha.js "^2.3.6"
    tweetnacl "^0.14.5"
  optionalDependencies:
    ed25519 "0.0.4"

stellar-sdk@^0.8.0:
  version "0.8.0"
  resolved "https://registry.yarnpkg.com/stellar-sdk/-/stellar-sdk-0.8.0.tgz#8a9f251896bb9bf435b50893323d2294a47d0023"
  dependencies:
    axios "^0.12.0"
    bluebird "^3.1.5"
    es6-promise "^3.0.2"
    event-source-polyfill "0.0.7"
    eventsource "^0.2.1"
    lodash "^4.0.1"
    stellar-base "^0.7.6"
    toml "^2.3.0"
    urijs "1.18.4"

stream-consume@^0.1.0:
  version "0.1.1"
  resolved "https://registry.yarnpkg.com/stream-consume/-/stream-consume-0.1.1.tgz#d3bdb598c2bd0ae82b8cac7ac50b1107a7996c48"

toml@^2.3.0:
  version "2.3.3"
  resolved "https://registry.yarnpkg.com/toml/-/toml-2.3.3.tgz#8d683d729577cb286231dfc7a8affe58d31728fb"

tweetnacl@^0.14.5:
  version "0.14.5"
  resolved "https://registry.yarnpkg.com/tweetnacl/-/tweetnacl-0.14.5.tgz#5ae68177f192d4456269d108afa93ff8743f4f64"

urijs@1.18.4:
  version "1.18.4"
  resolved "https://registry.yarnpkg.com/urijs/-/urijs-1.18.4.tgz#0c97a17a0b0e4a2e635a565c2f16c0f180605e28"

url-parse@1.0.x:
  version "1.0.5"
  resolved "https://registry.yarnpkg.com/url-parse/-/url-parse-1.0.5.tgz#0854860422afdcfefeb6c965c662d4800169927b"
  dependencies:
    querystringify "0.0.x"
    requires-port "1.0.x"
